
Microsoft Visual Studio Solution File, Format Version 12.00
Project("{FAE04EC0-301F-11D3-BF4B-00C04F79EFBC}") = "bakalarka_bil0175", "bakalarka_bil0175.csproj", "{1A211EFA-FF44-44C7-95C2-C170BA2F736D}"
EndProject
Global
	GlobalSection(SolutionConfigurationPlatforms) = preSolution
		Debug|Any CPU = Debug|Any CPU
		Release|Any CPU = Release|Any CPU
	EndGlobalSection
	GlobalSection(ProjectConfigurationPlatforms) = postSolution
		{1A211EFA-FF44-44C7-95C2-C170BA2F736D}.Debug|Any CPU.ActiveCfg = Debug|Any CPU
		{1A211EFA-FF44-44C7-95C2-C170BA2F736D}.Debug|Any CPU.Build.0 = Debug|Any CPU
		{1A211EFA-FF44-44C7-95C2-C170BA2F736D}.Release|Any CPU.ActiveCfg = Release|Any CPU
		{1A211EFA-FF44-44C7-95C2-C170BA2F736D}.Release|Any CPU.Build.0 = Release|Any CPU
	EndGlobalSection
EndGlobal
